// !$*UTF8*$!
{
	archiveVersion = 1;
	classes = {
	};
	objectVersion = 50;
	objects = {

/* Begin PBXBuildFile section */
		5A15665D214530740046C420 /* AppDelegate.swift in Sources */ = {isa = PBXBuildFile; fileRef = 5A15665C214530740046C420 /* AppDelegate.swift */; };
		5A156662214530740046C420 /* Main.storyboard in Resources */ = {isa = PBXBuildFile; fileRef = 5A156660214530740046C420 /* Main.storyboard */; };
		5A156665214530740046C420 /* Virtual_Tourist.xcdatamodeld in Sources */ = {isa = PBXBuildFile; fileRef = 5A156663214530740046C420 /* Virtual_Tourist.xcdatamodeld */; };
		5A156667214530770046C420 /* Assets.xcassets in Resources */ = {isa = PBXBuildFile; fileRef = 5A156666214530770046C420 /* Assets.xcassets */; };
		5A15666A214530770046C420 /* LaunchScreen.storyboard in Resources */ = {isa = PBXBuildFile; fileRef = 5A156668214530770046C420 /* LaunchScreen.storyboard */; };
		5A156672214530DE0046C420 /* TravelLocationsMapViewController.swift in Sources */ = {isa = PBXBuildFile; fileRef = 5A156671214530DE0046C420 /* TravelLocationsMapViewController.swift */; };
		5A156674214555CE0046C420 /* DataController.swift in Sources */ = {isa = PBXBuildFile; fileRef = 5A156673214555CE0046C420 /* DataController.swift */; };
		5A3E053321481D0500C21584 /* GalleryModel.swift in Sources */ = {isa = PBXBuildFile; fileRef = 5A3E053221481D0500C21584 /* GalleryModel.swift */; };
		5A5685BE2148280A00C3A3A9 /* ModelClassResponse.swift in Sources */ = {isa = PBXBuildFile; fileRef = 5A5685BD2148280A00C3A3A9 /* ModelClassResponse.swift */; };
		5A5685C021482E1D00C3A3A9 /* CommonFunctions+Extension.swift in Sources */ = {isa = PBXBuildFile; fileRef = 5A5685BF21482E1D00C3A3A9 /* CommonFunctions+Extension.swift */; };
		5A5C73402146764F00F2F95F /* CommonFunctions.swift in Sources */ = {isa = PBXBuildFile; fileRef = 5A5C733F2146764F00F2F95F /* CommonFunctions.swift */; };
		5A5C73492146A90F00F2F95F /* APIService.swift in Sources */ = {isa = PBXBuildFile; fileRef = 5A5C73482146A90F00F2F95F /* APIService.swift */; };
		5A5C734C2146AA2300F2F95F /* ResultEnum.swift in Sources */ = {isa = PBXBuildFile; fileRef = 5A5C734A2146AA2300F2F95F /* ResultEnum.swift */; };
		5A5C734D2146AA2300F2F95F /* TypeAliases.swift in Sources */ = {isa = PBXBuildFile; fileRef = 5A5C734B2146AA2300F2F95F /* TypeAliases.swift */; };
		5A5C734F2146AD3B00F2F95F /* Constants.swift in Sources */ = {isa = PBXBuildFile; fileRef = 5A5C734E2146AD3B00F2F95F /* Constants.swift */; };
		5A5C73512146BD7100F2F95F /* AlertView.swift in Sources */ = {isa = PBXBuildFile; fileRef = 5A5C73502146BD7100F2F95F /* AlertView.swift */; };
		5A5C73532146C17700F2F95F /* PhotoAlbumViewController.swift in Sources */ = {isa = PBXBuildFile; fileRef = 5A5C73522146C17600F2F95F /* PhotoAlbumViewController.swift */; };
		5A5C73552146C3B800F2F95F /* PhotoViewerCollectionViewCell.swift in Sources */ = {isa = PBXBuildFile; fileRef = 5A5C73542146C3B800F2F95F /* PhotoViewerCollectionViewCell.swift */; };
		5AF49439214E88D1001346A5 /* PhotosCollectionViewController.swift in Sources */ = {isa = PBXBuildFile; fileRef = 5AF49438214E88D1001346A5 /* PhotosCollectionViewController.swift */; };
		5AFDD3AE2150026D003AEA3D /* NewCollectionDelegate.swift in Sources */ = {isa = PBXBuildFile; fileRef = 5AFDD3AD2150026D003AEA3D /* NewCollectionDelegate.swift */; };
/* End PBXBuildFile section */

/* Begin PBXFileReference section */
		5A156659214530730046C420 /* Virtual Tourist.app */ = {isa = PBXFileReference; explicitFileType = wrapper.application; includeInIndex = 0; path = "Virtual Tourist.app"; sourceTree = BUILT_PRODUCTS_DIR; };
		5A15665C214530740046C420 /* AppDelegate.swift */ = {isa = PBXFileReference; lastKnownFileType = sourcecode.swift; path = AppDelegate.swift; sourceTree = "<group>"; };
		5A156661214530740046C420 /* Base */ = {isa = PBXFileReference; lastKnownFileType = file.storyboard; name = Base; path = Base.lproj/Main.storyboard; sourceTree = "<group>"; };
		5A156664214530740046C420 /* Virtual_Tourist.xcdatamodel */ = {isa = PBXFileReference; lastKnownFileType = wrapper.xcdatamodel; path = Virtual_Tourist.xcdatamodel; sourceTree = "<group>"; };
		5A156666214530770046C420 /* Assets.xcassets */ = {isa = PBXFileReference; lastKnownFileType = folder.assetcatalog; path = Assets.xcassets; sourceTree = "<group>"; };
		5A156669214530770046C420 /* Base */ = {isa = PBXFileReference; lastKnownFileType = file.storyboard; name = Base; path = Base.lproj/LaunchScreen.storyboard; sourceTree = "<group>"; };
		5A15666B214530770046C420 /* Info.plist */ = {isa = PBXFileReference; lastKnownFileType = text.plist.xml; path = Info.plist; sourceTree = "<group>"; };
		5A156671214530DE0046C420 /* TravelLocationsMapViewController.swift */ = {isa = PBXFileReference; lastKnownFileType = sourcecode.swift; path = TravelLocationsMapViewController.swift; sourceTree = "<group>"; };
		5A156673214555CE0046C420 /* DataController.swift */ = {isa = PBXFileReference; lastKnownFileType = sourcecode.swift; path = DataController.swift; sourceTree = "<group>"; };
		5A3E053221481D0500C21584 /* GalleryModel.swift */ = {isa = PBXFileReference; lastKnownFileType = sourcecode.swift; path = GalleryModel.swift; sourceTree = "<group>"; };
		5A5685BD2148280A00C3A3A9 /* ModelClassResponse.swift */ = {isa = PBXFileReference; lastKnownFileType = sourcecode.swift; path = ModelClassResponse.swift; sourceTree = "<group>"; };
		5A5685BF21482E1D00C3A3A9 /* CommonFunctions+Extension.swift */ = {isa = PBXFileReference; lastKnownFileType = sourcecode.swift; path = "CommonFunctions+Extension.swift"; sourceTree = "<group>"; };
		5A5C733F2146764F00F2F95F /* CommonFunctions.swift */ = {isa = PBXFileReference; lastKnownFileType = sourcecode.swift; path = CommonFunctions.swift; sourceTree = "<group>"; };
		5A5C73482146A90F00F2F95F /* APIService.swift */ = {isa = PBXFileReference; lastKnownFileType = sourcecode.swift; path = APIService.swift; sourceTree = "<group>"; };
		5A5C734A2146AA2300F2F95F /* ResultEnum.swift */ = {isa = PBXFileReference; fileEncoding = 4; lastKnownFileType = sourcecode.swift; path = ResultEnum.swift; sourceTree = "<group>"; };
		5A5C734B2146AA2300F2F95F /* TypeAliases.swift */ = {isa = PBXFileReference; fileEncoding = 4; lastKnownFileType = sourcecode.swift; path = TypeAliases.swift; sourceTree = "<group>"; };
		5A5C734E2146AD3B00F2F95F /* Constants.swift */ = {isa = PBXFileReference; fileEncoding = 4; lastKnownFileType = sourcecode.swift; path = Constants.swift; sourceTree = "<group>"; };
		5A5C73502146BD7100F2F95F /* AlertView.swift */ = {isa = PBXFileReference; fileEncoding = 4; lastKnownFileType = sourcecode.swift; path = AlertView.swift; sourceTree = "<group>"; };
		5A5C73522146C17600F2F95F /* PhotoAlbumViewController.swift */ = {isa = PBXFileReference; lastKnownFileType = sourcecode.swift; path = PhotoAlbumViewController.swift; sourceTree = "<group>"; };
		5A5C73542146C3B800F2F95F /* PhotoViewerCollectionViewCell.swift */ = {isa = PBXFileReference; lastKnownFileType = sourcecode.swift; path = PhotoViewerCollectionViewCell.swift; sourceTree = "<group>"; };
		5AF49438214E88D1001346A5 /* PhotosCollectionViewController.swift */ = {isa = PBXFileReference; lastKnownFileType = sourcecode.swift; path = PhotosCollectionViewController.swift; sourceTree = "<group>"; };
		5AFDD3AD2150026D003AEA3D /* NewCollectionDelegate.swift */ = {isa = PBXFileReference; lastKnownFileType = sourcecode.swift; path = NewCollectionDelegate.swift; sourceTree = "<group>"; };
/* End PBXFileReference section */

/* Begin PBXFrameworksBuildPhase section */
		5A156656214530730046C420 /* Frameworks */ = {
			isa = PBXFrameworksBuildPhase;
			buildActionMask = 2147483647;
			files = (
			);
			runOnlyForDeploymentPostprocessing = 0;
		};
/* End PBXFrameworksBuildPhase section */

/* Begin PBXGroup section */
		5A156650214530730046C420 = {
			isa = PBXGroup;
			children = (
				5A15665B214530730046C420 /* Virtual Tourist */,
				5A15665A214530730046C420 /* Products */,
			);
			sourceTree = "<group>";
		};
		5A15665A214530730046C420 /* Products */ = {
			isa = PBXGroup;
			children = (
				5A156659214530730046C420 /* Virtual Tourist.app */,
			);
			name = Products;
			sourceTree = "<group>";
		};
		5A15665B214530730046C420 /* Virtual Tourist */ = {
			isa = PBXGroup;
			children = (
				5A15665C214530740046C420 /* AppDelegate.swift */,
				5A5C73502146BD7100F2F95F /* AlertView.swift */,
				5A156663214530740046C420 /* Virtual_Tourist.xcdatamodeld */,
				5A5C73432146A02C00F2F95F /* Networking */,
				5A5C733E2146762E00F2F95F /* Functions */,
				5A1566752145612C0046C420 /* Model */,
				5A156676214561360046C420 /* Controller */,
				5A156677214561400046C420 /* View */,
				5A156666214530770046C420 /* Assets.xcassets */,
				5A156668214530770046C420 /* LaunchScreen.storyboard */,
				5A15666B214530770046C420 /* Info.plist */,
			);
			path = "Virtual Tourist";
			sourceTree = "<group>";
		};
		5A1566752145612C0046C420 /* Model */ = {
			isa = PBXGroup;
			children = (
				5A156673214555CE0046C420 /* DataController.swift */,
				5A3E053221481D0500C21584 /* GalleryModel.swift */,
				5A5685BD2148280A00C3A3A9 /* ModelClassResponse.swift */,
			);
			path = Model;
			sourceTree = "<group>";
		};
		5A156676214561360046C420 /* Controller */ = {
			isa = PBXGroup;
			children = (
				5A156671214530DE0046C420 /* TravelLocationsMapViewController.swift */,
				5A5C73562146C3BC00F2F95F /* PhotoAlbumViewController */,
			);
			path = Controller;
			sourceTree = "<group>";
		};
		5A156677214561400046C420 /* View */ = {
			isa = PBXGroup;
			children = (
				5A156660214530740046C420 /* Main.storyboard */,
			);
			path = View;
			sourceTree = "<group>";
		};
		5A5C733E2146762E00F2F95F /* Functions */ = {
			isa = PBXGroup;
			children = (
				5A5C733F2146764F00F2F95F /* CommonFunctions.swift */,
				5A5685BF21482E1D00C3A3A9 /* CommonFunctions+Extension.swift */,
				5AFDD3AD2150026D003AEA3D /* NewCollectionDelegate.swift */,
			);
			path = Functions;
			sourceTree = "<group>";
		};
		5A5C73432146A02C00F2F95F /* Networking */ = {
			isa = PBXGroup;
			children = (
				5A5C734B2146AA2300F2F95F /* TypeAliases.swift */,
				5A5C734A2146AA2300F2F95F /* ResultEnum.swift */,
				5A5C734E2146AD3B00F2F95F /* Constants.swift */,
				5A5C73482146A90F00F2F95F /* APIService.swift */,
			);
			path = Networking;
			sourceTree = "<group>";
		};
		5A5C73562146C3BC00F2F95F /* PhotoAlbumViewController */ = {
			isa = PBXGroup;
			children = (
				5A5C73522146C17600F2F95F /* PhotoAlbumViewController.swift */,
				5A5C73542146C3B800F2F95F /* PhotoViewerCollectionViewCell.swift */,
				5AF49438214E88D1001346A5 /* PhotosCollectionViewController.swift */,
			);
			path = PhotoAlbumViewController;
			sourceTree = "<group>";
		};
/* End PBXGroup section */

/* Begin PBXNativeTarget section */
		5A156658214530730046C420 /* Virtual Tourist */ = {
			isa = PBXNativeTarget;
			buildConfigurationList = 5A15666E214530770046C420 /* Build configuration list for PBXNativeTarget "Virtual Tourist" */;
			buildPhases = (
				5A156655214530730046C420 /* Sources */,
				5A156656214530730046C420 /* Frameworks */,
				5A156657214530730046C420 /* Resources */,
			);
			buildRules = (
			);
			dependencies = (
			);
			name = "Virtual Tourist";
			productName = "Virtual Tourist";
			productReference = 5A156659214530730046C420 /* Virtual Tourist.app */;
			productType = "com.apple.product-type.application";
		};
/* End PBXNativeTarget section */

/* Begin PBXProject section */
		5A156651214530730046C420 /* Project object */ = {
			isa = PBXProject;
			attributes = {
				LastSwiftUpdateCheck = 0940;
				LastUpgradeCheck = 0940;
				ORGANIZATIONNAME = TechTonic;
				TargetAttributes = {
					5A156658214530730046C420 = {
						CreatedOnToolsVersion = 9.4.1;
					};
				};
			};
			buildConfigurationList = 5A156654214530730046C420 /* Build configuration list for PBXProject "Virtual Tourist" */;
			compatibilityVersion = "Xcode 9.3";
			developmentRegion = en;
			hasScannedForEncodings = 0;
			knownRegions = (
				en,
				Base,
			);
			mainGroup = 5A156650214530730046C420;
			productRefGroup = 5A15665A214530730046C420 /* Products */;
			projectDirPath = "";
			projectRoot = "";
			targets = (
				5A156658214530730046C420 /* Virtual Tourist */,
			);
		};
/* End PBXProject section */

/* Begin PBXResourcesBuildPhase section */
		5A156657214530730046C420 /* Resources */ = {
			isa = PBXResourcesBuildPhase;
			buildActionMask = 2147483647;
			files = (
				5A15666A214530770046C420 /* LaunchScreen.storyboard in Resources */,
				5A156667214530770046C420 /* Assets.xcassets in Resources */,
				5A156662214530740046C420 /* Main.storyboard in Resources */,
			);
			runOnlyForDeploymentPostprocessing = 0;
		};
/* End PBXResourcesBuildPhase section */

/* Begin PBXSourcesBuildPhase section */
		5A156655214530730046C420 /* Sources */ = {
			isa = PBXSourcesBuildPhase;
			buildActionMask = 2147483647;
			files = (
				5A5C73532146C17700F2F95F /* PhotoAlbumViewController.swift in Sources */,
				5A5C73402146764F00F2F95F /* CommonFunctions.swift in Sources */,
				5A156674214555CE0046C420 /* DataController.swift in Sources */,
				5A5C734D2146AA2300F2F95F /* TypeAliases.swift in Sources */,
				5AFDD3AE2150026D003AEA3D /* NewCollectionDelegate.swift in Sources */,
				5A5C734C2146AA2300F2F95F /* ResultEnum.swift in Sources */,
				5A5C734F2146AD3B00F2F95F /* Constants.swift in Sources */,
				5A5C73512146BD7100F2F95F /* AlertView.swift in Sources */,
				5AF49439214E88D1001346A5 /* PhotosCollectionViewController.swift in Sources */,
				5A5685BE2148280A00C3A3A9 /* ModelClassResponse.swift in Sources */,
				5A156672214530DE0046C420 /* TravelLocationsMapViewController.swift in Sources */,
				5A3E053321481D0500C21584 /* GalleryModel.swift in Sources */,
				5A156665214530740046C420 /* Virtual_Tourist.xcdatamodeld in Sources */,
				5A5C73552146C3B800F2F95F /* PhotoViewerCollectionViewCell.swift in Sources */,
				5A5685C021482E1D00C3A3A9 /* CommonFunctions+Extension.swift in Sources */,
				5A5C73492146A90F00F2F95F /* APIService.swift in Sources */,
				5A15665D214530740046C420 /* AppDelegate.swift in Sources */,
			);
			runOnlyForDeploymentPostprocessing = 0;
		};
/* End PBXSourcesBuildPhase section */

/* Begin PBXVariantGroup section */
		5A156660214530740046C420 /* Main.storyboard */ = {
			isa = PBXVariantGroup;
			children = (
				5A156661214530740046C420 /* Base */,
			);
			name = Main.storyboard;
			sourceTree = "<group>";
		};
		5A156668214530770046C420 /* LaunchScreen.storyboard */ = {
			isa = PBXVariantGroup;
			children = (
				5A156669214530770046C420 /* Base */,
			);
			name = LaunchScreen.storyboard;
			sourceTree = "<group>";
		};
/* End PBXVariantGroup section */

/* Begin XCBuildConfiguration section */
		5A15666C214530770046C420 /* Debug */ = {
			isa = XCBuildConfiguration;
			buildSettings = {
				ALWAYS_SEARCH_USER_PATHS = NO;
				CLANG_ANALYZER_NONNULL = YES;
				CLANG_ANALYZER_NUMBER_OBJECT_CONVERSION = YES_AGGRESSIVE;
				CLANG_CXX_LANGUAGE_STANDARD = "gnu++14";
				CLANG_CXX_LIBRARY = "libc++";
				CLANG_ENABLE_MODULES = YES;
				CLANG_ENABLE_OBJC_ARC = YES;
				CLANG_ENABLE_OBJC_WEAK = YES;
				CLANG_WARN_BLOCK_CAPTURE_AUTORELEASING = YES;
				CLANG_WARN_BOOL_CONVERSION = YES;
				CLANG_WARN_COMMA = YES;
				CLANG_WARN_CONSTANT_CONVERSION = YES;
				CLANG_WARN_DEPRECATED_OBJC_IMPLEMENTATIONS = YES;
				CLANG_WARN_DIRECT_OBJC_ISA_USAGE = YES_ERROR;
				CLANG_WARN_DOCUMENTATION_COMMENTS = YES;
				CLANG_WARN_EMPTY_BODY = YES;
				CLANG_WARN_ENUM_CONVERSION = YES;
				CLANG_WARN_INFINITE_RECURSION = YES;
				CLANG_WARN_INT_CONVERSION = YES;
				CLANG_WARN_NON_LITERAL_NULL_CONVERSION = YES;
				CLANG_WARN_OBJC_IMPLICIT_RETAIN_SELF = YES;
				CLANG_WARN_OBJC_LITERAL_CONVERSION = YES;
				CLANG_WARN_OBJC_ROOT_CLASS = YES_ERROR;
				CLANG_WARN_RANGE_LOOP_ANALYSIS = YES;
				CLANG_WARN_STRICT_PROTOTYPES = YES;
				CLANG_WARN_SUSPICIOUS_MOVE = YES;
				CLANG_WARN_UNGUARDED_AVAILABILITY = YES_AGGRESSIVE;
				CLANG_WARN_UNREACHABLE_CODE = YES;
				CLANG_WARN__DUPLICATE_METHOD_MATCH = YES;
				CODE_SIGN_IDENTITY = "iPhone Developer";
				COPY_PHASE_STRIP = NO;
				DEBUG_INFORMATION_FORMAT = dwarf;
				ENABLE_STRICT_OBJC_MSGSEND = YES;
				ENABLE_TESTABILITY = YES;
				GCC_C_LANGUAGE_STANDARD = gnu11;
				GCC_DYNAMIC_NO_PIC = NO;
				GCC_NO_COMMON_BLOCKS = YES;
				GCC_OPTIMIZATION_LEVEL = 0;
				GCC_PREPROCESSOR_DEFINITIONS = (
					"DEBUG=1",
					"$(inherited)",
				);
				GCC_WARN_64_TO_32_BIT_CONVERSION = YES;
				GCC_WARN_ABOUT_RETURN_TYPE = YES_ERROR;
				GCC_WARN_UNDECLARED_SELECTOR = YES;
				GCC_WARN_UNINITIALIZED_AUTOS = YES_AGGRESSIVE;
				GCC_WARN_UNUSED_FUNCTION = YES;
				GCC_WARN_UNUSED_VARIABLE = YES;
				IPHONEOS_DEPLOYMENT_TARGET = 11.4;
				MTL_ENABLE_DEBUG_INFO = YES;
				ONLY_ACTIVE_ARCH = YES;
				SDKROOT = iphoneos;
				SWIFT_ACTIVE_COMPILATION_CONDITIONS = DEBUG;
				SWIFT_OPTIMIZATION_LEVEL = "-Onone";
			};
			name = Debug;
		};
		5A15666D214530770046C420 /* Release */ = {
			isa = XCBuildConfiguration;
			buildSettings = {
				ALWAYS_SEARCH_USER_PATHS = NO;
				CLANG_ANALYZER_NONNULL = YES;
				CLANG_ANALYZER_NUMBER_OBJECT_CONVERSION = YES_AGGRESSIVE;
				CLANG_CXX_LANGUAGE_STANDARD = "gnu++14";
				CLANG_CXX_LIBRARY = "libc++";
				CLANG_ENABLE_MODULES = YES;
				CLANG_ENABLE_OBJC_ARC = YES;
				CLANG_ENABLE_OBJC_WEAK = YES;
				CLANG_WARN_BLOCK_CAPTURE_AUTORELEASING = YES;
				CLANG_WARN_BOOL_CONVERSION = YES;
				CLANG_WARN_COMMA = YES;
				CLANG_WARN_CONSTANT_CONVERSION = YES;
				CLANG_WARN_DEPRECATED_OBJC_IMPLEMENTATIONS = YES;
				CLANG_WARN_DIRECT_OBJC_ISA_USAGE = YES_ERROR;
				CLANG_WARN_DOCUMENTATION_COMMENTS = YES;
				CLANG_WARN_EMPTY_BODY = YES;
				CLANG_WARN_ENUM_CONVERSION = YES;
				CLANG_WARN_INFINITE_RECURSION = YES;
				CLANG_WARN_INT_CONVERSION = YES;
				CLANG_WARN_NON_LITERAL_NULL_CONVERSION = YES;
				CLANG_WARN_OBJC_IMPLICIT_RETAIN_SELF = YES;
				CLANG_WARN_OBJC_LITERAL_CONVERSION = YES;
				CLANG_WARN_OBJC_ROOT_CLASS = YES_ERROR;
				CLANG_WARN_RANGE_LOOP_ANALYSIS = YES;
				CLANG_WARN_STRICT_PROTOTYPES = YES;
				CLANG_WARN_SUSPICIOUS_MOVE = YES;
				CLANG_WARN_UNGUARDED_AVAILABILITY = YES_AGGRESSIVE;
				CLANG_WARN_UNREACHABLE_CODE = YES;
				CLANG_WARN__DUPLICATE_METHOD_MATCH = YES;
				CODE_SIGN_IDENTITY = "iPhone Developer";
				COPY_PHASE_STRIP = NO;
				DEBUG_INFORMATION_FORMAT = "dwarf-with-dsym";
				ENABLE_NS_ASSERTIONS = NO;
				ENABLE_STRICT_OBJC_MSGSEND = YES;
				GCC_C_LANGUAGE_STANDARD = gnu11;
				GCC_NO_COMMON_BLOCKS = YES;
				GCC_WARN_64_TO_32_BIT_CONVERSION = YES;
				GCC_WARN_ABOUT_RETURN_TYPE = YES_ERROR;
				GCC_WARN_UNDECLARED_SELECTOR = YES;
				GCC_WARN_UNINITIALIZED_AUTOS = YES_AGGRESSIVE;
				GCC_WARN_UNUSED_FUNCTION = YES;
				GCC_WARN_UNUSED_VARIABLE = YES;
				IPHONEOS_DEPLOYMENT_TARGET = 11.4;
				MTL_ENABLE_DEBUG_INFO = NO;
				SDKROOT = iphoneos;
				SWIFT_COMPILATION_MODE = wholemodule;
				SWIFT_OPTIMIZATION_LEVEL = "-O";
				VALIDATE_PRODUCT = YES;
			};
			name = Release;
		};
		5A15666F214530770046C420 /* Debug */ = {
			isa = XCBuildConfiguration;
			buildSettings = {
				ASSETCATALOG_COMPILER_APPICON_NAME = AppIcon;
				CODE_SIGN_STYLE = Automatic;
				DEVELOPMENT_TEAM = RDRMVW96A6;
				INFOPLIST_FILE = "Virtual Tourist/Info.plist";
				LD_RUNPATH_SEARCH_PATHS = (
					"$(inherited)",
					"@executable_path/Frameworks",
				);
				PRODUCT_BUNDLE_IDENTIFIER = "TechTonic.Virtual-Tourist";
				PRODUCT_NAME = "$(TARGET_NAME)";
				SWIFT_VERSION = 4.0;
				TARGETED_DEVICE_FAMILY = "1,2";
			};
			name = Debug;
		};
		5A156670214530770046C420 /* Release */ = {
			isa = XCBuildConfiguration;
			buildSettings = {
				ASSETCATALOG_COMPILER_APPICON_NAME = AppIcon;
				CODE_SIGN_STYLE = Automatic;
				DEVELOPMENT_TEAM = RDRMVW96A6;
				INFOPLIST_FILE = "Virtual Tourist/Info.plist";
				LD_RUNPATH_SEARCH_PATHS = (
					"$(inherited)",
					"@executable_path/Frameworks",
				);
				PRODUCT_BUNDLE_IDENTIFIER = "TechTonic.Virtual-Tourist";
				PRODUCT_NAME = "$(TARGET_NAME)";
				SWIFT_VERSION = 4.0;
				TARGETED_DEVICE_FAMILY = "1,2";
			};
			name = Release;
		};
/* End XCBuildConfiguration section */

/* Begin XCConfigurationList section */
		5A156654214530730046C420 /* Build configuration list for PBXProject "Virtual Tourist" */ = {
			isa = XCConfigurationList;
			buildConfigurations = (
				5A15666C214530770046C420 /* Debug */,
				5A15666D214530770046C420 /* Release */,
			);
			defaultConfigurationIsVisible = 0;
			defaultConfigurationName = Release;
		};
		5A15666E214530770046C420 /* Build configuration list for PBXNativeTarget "Virtual Tourist" */ = {
			isa = XCConfigurationList;
			buildConfigurations = (
				5A15666F214530770046C420 /* Debug */,
				5A156670214530770046C420 /* Release */,
			);
			defaultConfigurationIsVisible = 0;
			defaultConfigurationName = Release;
		};
/* End XCConfigurationList section */

/* Begin XCVersionGroup section */
		5A156663214530740046C420 /* Virtual_Tourist.xcdatamodeld */ = {
			isa = XCVersionGroup;
			children = (
				5A156664214530740046C420 /* Virtual_Tourist.xcdatamodel */,
			);
			currentVersion = 5A156664214530740046C420 /* Virtual_Tourist.xcdatamodel */;
			path = Virtual_Tourist.xcdatamodeld;
			sourceTree = "<group>";
			versionGroupType = wrapper.xcdatamodel;
		};
/* End XCVersionGroup section */
	};
	rootObject = 5A156651214530730046C420 /* Project object */;
}
